
Microsoft Visual Studio Solution File, Format Version 12.00
# Visual Studio Version 17
VisualStudioVersion = 17.11.35208.52
MinimumVisualStudioVersion = 10.0.40219.1
Project("{9A19103F-16F7-4668-BE54-9A1E7A4F7556}") = "OrganizandoTudo.Admin", "OrganizandoTudo.Admin\OrganizandoTudo.Admin.csproj", "{F513FCF4-3136-4997-A671-4903D5A512EB}"
EndProject
Project("{2150E333-8FDC-42A3-9474-1A3956D46DE8}") = "Itens de Solução", "Itens de Solução", "{EB735316-327C-4B37-B50B-683A575680F4}"
	ProjectSection(SolutionItems) = preProject
		.dockerignore = .dockerignore
		.gitignore = .gitignore
		.github\workflows\deploy.yml = .github\workflows\deploy.yml
		Dockerfile = Dockerfile
		docker-compose.yml = docker-compose.yml
		README.md = README.md
	EndProjectSection
EndProject
Project("{FAE04EC0-301F-11D3-BF4B-00C04F79EFBC}") = "OrganizandoTudo.Instalador", "OrganizandoTudo.Instalador\OrganizandoTudo.Instalador.csproj", "{9004C50C-0687-496D-B725-F1996ACD3844}"
EndProject
Global
	GlobalSection(SolutionConfigurationPlatforms) = preSolution
		Debug|Any CPU = Debug|Any CPU
		Release|Any CPU = Release|Any CPU
	EndGlobalSection
	GlobalSection(ProjectConfigurationPlatforms) = postSolution
		{F513FCF4-3136-4997-A671-4903D5A512EB}.Debug|Any CPU.ActiveCfg = Debug|Any CPU
		{F513FCF4-3136-4997-A671-4903D5A512EB}.Debug|Any CPU.Build.0 = Debug|Any CPU
		{F513FCF4-3136-4997-A671-4903D5A512EB}.Release|Any CPU.ActiveCfg = Release|Any CPU
		{F513FCF4-3136-4997-A671-4903D5A512EB}.Release|Any CPU.Build.0 = Release|Any CPU
		{9004C50C-0687-496D-B725-F1996ACD3844}.Debug|Any CPU.ActiveCfg = Debug|Any CPU
		{9004C50C-0687-496D-B725-F1996ACD3844}.Debug|Any CPU.Build.0 = Debug|Any CPU
		{9004C50C-0687-496D-B725-F1996ACD3844}.Release|Any CPU.ActiveCfg = Release|Any CPU
		{9004C50C-0687-496D-B725-F1996ACD3844}.Release|Any CPU.Build.0 = Release|Any CPU
	EndGlobalSection
	GlobalSection(SolutionProperties) = preSolution
		HideSolutionNode = FALSE
	EndGlobalSection
	GlobalSection(ExtensibilityGlobals) = postSolution
		SolutionGuid = {53E318C8-946D-40A9-B463-A7A34801133A}
	EndGlobalSection
EndGlobal
